
Microsoft Visual Studio Solution File, Format Version 12.00
# Visual Studio Version 17
VisualStudioVersion = 17.4.33122.133
MinimumVisualStudioVersion = 10.0.40219.1
Project("{9A19103F-16F7-4668-BE54-9A1E7A4F7556}") = "PlayniteServices", "PlayniteServices\PlayniteServices.csproj", "{5C36DDAA-F490-451C-9EF8-F949683F3821}"
EndProject
Project("{9A19103F-16F7-4668-BE54-9A1E7A4F7556}") = "PlayniteServices.Tests", "PlayniteServices.Tests\PlayniteServices.Tests.csproj", "{AE1E4C0B-5C86-4C6A-87AA-2588935A6C53}"
EndProject
Project("{FAE04EC0-301F-11D3-BF4B-00C04F79EFBC}") = "PlayniteServices.Utilities", "PlayniteServices.Utilities\PlayniteServices.Utilities.csproj", "{6BE671FE-5638-48F3-AF86-D8AF6FF44F6B}"
EndProject
Global
	GlobalSection(SolutionConfigurationPlatforms) = preSolution
		Debug|Any CPU = Debug|Any CPU
		Release|Any CPU = Release|Any CPU
	EndGlobalSection
	GlobalSection(ProjectConfigurationPlatforms) = postSolution
		{5C36DDAA-F490-451C-9EF8-F949683F3821}.Debug|Any CPU.ActiveCfg = Debug|Any CPU
		{5C36DDAA-F490-451C-9EF8-F949683F3821}.Debug|Any CPU.Build.0 = Debug|Any CPU
		{5C36DDAA-F490-451C-9EF8-F949683F3821}.Release|Any CPU.ActiveCfg = Release|Any CPU
		{5C36DDAA-F490-451C-9EF8-F949683F3821}.Release|Any CPU.Build.0 = Release|Any CPU
		{AE1E4C0B-5C86-4C6A-87AA-2588935A6C53}.Debug|Any CPU.ActiveCfg = Debug|Any CPU
		{AE1E4C0B-5C86-4C6A-87AA-2588935A6C53}.Debug|Any CPU.Build.0 = Debug|Any CPU
		{AE1E4C0B-5C86-4C6A-87AA-2588935A6C53}.Release|Any CPU.ActiveCfg = Release|Any CPU
		{AE1E4C0B-5C86-4C6A-87AA-2588935A6C53}.Release|Any CPU.Build.0 = Release|Any CPU
		{6BE671FE-5638-48F3-AF86-D8AF6FF44F6B}.Debug|Any CPU.ActiveCfg = Debug|Any CPU
		{6BE671FE-5638-48F3-AF86-D8AF6FF44F6B}.Debug|Any CPU.Build.0 = Debug|Any CPU
		{6BE671FE-5638-48F3-AF86-D8AF6FF44F6B}.Release|Any CPU.ActiveCfg = Release|Any CPU
		{6BE671FE-5638-48F3-AF86-D8AF6FF44F6B}.Release|Any CPU.Build.0 = Release|Any CPU
	EndGlobalSection
	GlobalSection(SolutionProperties) = preSolution
		HideSolutionNode = FALSE
	EndGlobalSection
	GlobalSection(ExtensibilityGlobals) = postSolution
		SolutionGuid = {EFEC98D8-5168-4573-9B5A-037A1D674EFF}
	EndGlobalSection
EndGlobal
